
Microsoft Visual Studio Solution File, Format Version 12.00
# Visual Studio 15
VisualStudioVersion = 15.0.27004.2002
MinimumVisualStudioVersion = 10.0.40219.1
Project("{FAE04EC0-301F-11D3-BF4B-00C04F79EFBC}") = "ScenarioTests", "Scenario\ScenarioTests.csproj", "{8428072A-6429-4262-8C7E-D26B6BD2B92F}"
EndProject
Project("{FAE04EC0-301F-11D3-BF4B-00C04F79EFBC}") = "ScenarioCore", "Scenario.Core\ScenarioCore.csproj", "{4F3BCA6E-4C57-4913-A74C-9561F3F10640}"
EndProject
Global
	GlobalSection(SolutionConfigurationPlatforms) = preSolution
		Debug|Any CPU = Debug|Any CPU
		Release|Any CPU = Release|Any CPU
	EndGlobalSection
	GlobalSection(ProjectConfigurationPlatforms) = postSolution
		{8428072A-6429-4262-8C7E-D26B6BD2B92F}.Debug|Any CPU.ActiveCfg = Debug|Any CPU
		{8428072A-6429-4262-8C7E-D26B6BD2B92F}.Debug|Any CPU.Build.0 = Debug|Any CPU
		{8428072A-6429-4262-8C7E-D26B6BD2B92F}.Release|Any CPU.ActiveCfg = Release|Any CPU
		{8428072A-6429-4262-8C7E-D26B6BD2B92F}.Release|Any CPU.Build.0 = Release|Any CPU
		{4F3BCA6E-4C57-4913-A74C-9561F3F10640}.Debug|Any CPU.ActiveCfg = Debug|Any CPU
		{4F3BCA6E-4C57-4913-A74C-9561F3F10640}.Debug|Any CPU.Build.0 = Debug|Any CPU
		{4F3BCA6E-4C57-4913-A74C-9561F3F10640}.Release|Any CPU.ActiveCfg = Release|Any CPU
		{4F3BCA6E-4C57-4913-A74C-9561F3F10640}.Release|Any CPU.Build.0 = Release|Any CPU
	EndGlobalSection
	GlobalSection(SolutionProperties) = preSolution
		HideSolutionNode = FALSE
	EndGlobalSection
	GlobalSection(ExtensibilityGlobals) = postSolution
		SolutionGuid = {F723C3D4-4B73-4BFF-85AE-A77676F7021C}
	EndGlobalSection
EndGlobal
